schema: '2.0'
stages:
  process_tdcsfog_metadata:
    cmd: jupyter notebook
    deps:
    - path: data/raw/events.csv
      hash: md5
      md5: dd27193bbefb7fa3469bef806d1ef984
      size: 118501
    - path: data/raw/subjects.csv
      hash: md5
      md5: a0588f22327768d56860d89673194c91
      size: 4654
    - path: data/raw/tdcsfog_metadata.csv
      hash: md5
      md5: 12fdcf70b8655a63653c3449a22e1fb0
      size: 21359
    - path: notebooks/tdcsfog_metadata_processing.ipynb
      hash: md5
      md5: 39aa6a5025447f7cf6c821f11cfe07f7
      size: 2153015
    outs:
    - path: data/processed/tdcsfog/processed_tdcsfog_metadata.csv
      hash: md5
      md5: 34f4cb940d59eae1321dca29cd15cb09
      size: 6246
  process_tdcsfog_train_data:
    cmd: python main.py
    deps:
    - path: data/processed/tdcsfog/processed_tdcsfog_metadata.csv
      hash: md5
      md5: 34f4cb940d59eae1321dca29cd15cb09
      size: 6246
    - path: src/config.py
      hash: md5
      md5: 224de059d060125a3caea78cd200c5be
      size: 21779
    outs:
    - path: data/processed/tdcsfog/cnn.tfrecords
      hash: md5
      md5: f524604fd11dcba2a320deb8c2ce70d4
      size: 22222752
    - path: data/processed/tdcsfog/rnn.tfrecords
      hash: md5
      md5: 9bf9b5c89d44ca772f9cafcb58042592
      size: 11312184
  process_defog_metadata:
    cmd: jupyter notebook
    deps:
    - path: data/raw/defog_metadata.csv
      hash: md5
      md5: 14f8774cac488bf2f3011f3f15f304f8
      size: 3247
    - path: data/raw/events.csv
      hash: md5
      md5: dd27193bbefb7fa3469bef806d1ef984
      size: 118501
    - path: data/raw/subjects.csv
      hash: md5
      md5: a0588f22327768d56860d89673194c91
      size: 4654
    - path: data/raw/tasks.csv
      hash: md5
      md5: 81f791aa7eb2520f39a9a2b78d817a52
      size: 92231
    - path: notebooks/defog_metadata_processing.ipynb
      hash: md5
      md5: 73836408aa17d2c71a479b1626482955
      size: 7984332
    outs:
    - path: data/processed/defog/processed_defog_metadata.csv
      hash: md5
      md5: e975a64d9c06edd60a8a80df2db823db
      size: 4151237
  process_defog_train_data:
    cmd: python main.py
    deps:
    - path: data/processed/defog/processed_defog_metadata.csv
      hash: md5
      md5: e975a64d9c06edd60a8a80df2db823db
      size: 4151237
    - path: src/config.py
      hash: md5
      md5: 224de059d060125a3caea78cd200c5be
      size: 21779
    outs:
    - path: data/processed/defog/cnn.tfrecords
      hash: md5
      md5: 4a6b0dd3489beebc70d186d4df20f86e
      size: 221679120
    - path: data/processed/defog/rnn.tfrecords
      hash: md5
      md5: e086574faa2114e644f250b3272bc2c4
      size: 113397396
