schema: '2.0'
stages:
  process_tdcsfog_metadata:
    cmd: jupyter notebook
    deps:
    - path: data/raw/events.csv
      hash: md5
      md5: dd27193bbefb7fa3469bef806d1ef984
      size: 118501
    - path: data/raw/subjects.csv
      hash: md5
      md5: a0588f22327768d56860d89673194c91
      size: 4654
    - path: data/raw/tdcsfog_metadata.csv
      hash: md5
      md5: 12fdcf70b8655a63653c3449a22e1fb0
      size: 21359
    - path: notebooks/tdcsfog_metadata_processing.ipynb
      hash: md5
      md5: 39aa6a5025447f7cf6c821f11cfe07f7
      size: 2153015
    outs:
    - path: data/processed/tdcsfog/processed_tdcsfog_metadata.csv
      hash: md5
      md5: 34f4cb940d59eae1321dca29cd15cb09
      size: 6246
  process_tdcsfog_train_data:
    cmd: -0 data/processed/tdcsfog/rnn.tfrecords python main.py
    deps:
    - path: data/processed/tdcsfog/processed_tdcsfog_metadata.csv
      hash: md5
      md5: 34f4cb940d59eae1321dca29cd15cb09
      size: 6246
    - path: src/config.py
      hash: md5
      md5: 224de059d060125a3caea78cd200c5be
      size: 21779
    outs:
    - path: data/processed/tdcsfog/cnn.tfrecords
      hash: md5
      md5: f524604fd11dcba2a320deb8c2ce70d4
      size: 22222752
